<?xml version="1.0" encoding="utf-8"?>
<Project ToolsVersion="4.0" xmlns="http://schemas.microsoft.com/developer/msbuild/2003">
  <ItemGroup>
    <Filter Include="Source Files">
      <UniqueIdentifier>{4FC737F1-C7A5-4376-A066-2A32D752A2FF}</UniqueIdentifier>
      <Extensions>cpp;c;cc;cxx;def;odl;idl;hpj;bat;asm;asmx</Extensions>
    </Filter>
    <Filter Include="Source Files\plug-in">
      <UniqueIdentifier>{3eb3a448-7dad-4fe8-8e7d-7dc645448338}</UniqueIdentifier>
    </Filter>
    <Filter Include="Source Files\misc">
      <UniqueIdentifier>{1b658697-5f81-4715-8907-84f1bb8118ab}</UniqueIdentifier>
    </Filter>
    <Filter Include="Source Files\helpers">
      <UniqueIdentifier>{39cffca9-17a4-490f-9420-6509b4868fd1}</UniqueIdentifier>
    </Filter>
    <Filter Include="Header Files">
      <UniqueIdentifier>{93995380-89BD-4b04-88EB-625FBE52EBFB}</UniqueIdentifier>
      <Extensions>h;hpp;hxx;hm;inl;inc;xsd</Extensions>
    </Filter>
    <Filter Include="Header Files\plug-in">
      <UniqueIdentifier>{102b6a64-84e4-4dea-b159-82f9e14b7334}</UniqueIdentifier>
    </Filter>
    <Filter Include="Header Files\misc">
      <UniqueIdentifier>{207e676b-f9f3-4e13-9d2f-1c964ef8a80b}</UniqueIdentifier>
    </Filter>
    <Filter Include="Header Files\helpers">
      <UniqueIdentifier>{e54868d8-53ec-4520-9bc0-31f868f43ddc}</UniqueIdentifier>
    </Filter>
    <Filter Include="Resource Files">
      <UniqueIdentifier>{67DA6AB6-F800-4c08-8B7A-83BB121AAD01}</UniqueIdentifier>
      <Extensions>rc;ico;cur;bmp;dlg;rc2;rct;bin;rgs;gif;jpg;jpeg;jpe;resx;tiff;tif;png;wav</Extensions>
    </Filter>
  </ItemGroup>
  <ItemGroup>
    <None Include="src\activex.def">
      <Filter>Source Files</Filter>
    </None>
    <None Include="src\resource\axexample.tlb" />
  </ItemGroup>
  <ItemGroup>
    <ClCompile Include="src\resource\axexample_i.c">
      <Filter>Source Files</Filter>
    </ClCompile>
    <ClCompile Include="src\main.cpp">
      <Filter>Source Files</Filter>
    </ClCompile>
    <ClCompile Include="src\plug-in\plugin.cpp">
      <Filter>Source Files\plug-in</Filter>
    </ClCompile>
    <ClCompile Include="src\plug-in\vlccontrol2.cpp">
      <Filter>Source Files\plug-in</Filter>
    </ClCompile>
    <ClCompile Include="src\misc\utils.cpp">
      <Filter>Source Files\misc</Filter>
    </ClCompile>
    <ClCompile Include="src\helpers\connectioncontainer.cpp">
      <Filter>Source Files\helpers</Filter>
    </ClCompile>
    <ClCompile Include="src\helpers\dataobject.cpp">
      <Filter>Source Files\helpers</Filter>
    </ClCompile>
    <ClCompile Include="src\helpers\objectsafety.cpp">
      <Filter>Source Files\helpers</Filter>
    </ClCompile>
    <ClCompile Include="src\helpers\olecontrol.cpp">
      <Filter>Source Files\helpers</Filter>
    </ClCompile>
    <ClCompile Include="src\helpers\oleinplaceactiveobject.cpp">
      <Filter>Source Files\helpers</Filter>
    </ClCompile>
    <ClCompile Include="src\helpers\oleinplaceobject.cpp">
      <Filter>Source Files\helpers</Filter>
    </ClCompile>
    <ClCompile Include="src\helpers\oleobject.cpp">
      <Filter>Source Files\helpers</Filter>
    </ClCompile>
    <ClCompile Include="src\helpers\persistpropbag.cpp">
      <Filter>Source Files\helpers</Filter>
    </ClCompile>
    <ClCompile Include="src\helpers\persiststorage.cpp">
      <Filter>Source Files\helpers</Filter>
    </ClCompile>
    <ClCompile Include="src\helpers\persiststreaminit.cpp">
      <Filter>Source Files\helpers</Filter>
    </ClCompile>
    <ClCompile Include="src\helpers\provideclassinfo.cpp">
      <Filter>Source Files\helpers</Filter>
    </ClCompile>
    <ClCompile Include="src\helpers\supporterrorinfo.cpp">
      <Filter>Source Files\helpers</Filter>
    </ClCompile>
    <ClCompile Include="src\helpers\viewobject.cpp">
      <Filter>Source Files\helpers</Filter>
    </ClCompile>
  </ItemGroup>
  <ItemGroup>
    <ClInclude Include="src\misc\setting.h">
      <Filter>Source Files</Filter>
    </ClInclude>
    <ClInclude Include="src\resource\resource.h">
      <Filter>Header Files</Filter>
    </ClInclude>
    <ClInclude Include="src\plug-in\plugin.h">
      <Filter>Header Files\plug-in</Filter>
    </ClInclude>
    <ClInclude Include="src\plug-in\vlccontrol2.h">
      <Filter>Header Files\plug-in</Filter>
    </ClInclude>
    <ClInclude Include="setting.h">
      <Filter>Header Files\misc</Filter>
    </ClInclude>
    <ClInclude Include="src\misc\utils.h">
      <Filter>Header Files\misc</Filter>
    </ClInclude>
    <ClInclude Include="src\helpers\connectioncontainer.h">
      <Filter>Header Files\helpers</Filter>
    </ClInclude>
    <ClInclude Include="src\helpers\dataobject.h">
      <Filter>Header Files\helpers</Filter>
    </ClInclude>
    <ClInclude Include="src\helpers\objectsafety.h">
      <Filter>Header Files\helpers</Filter>
    </ClInclude>
    <ClInclude Include="src\helpers\olecontrol.h">
      <Filter>Header Files\helpers</Filter>
    </ClInclude>
    <ClInclude Include="src\helpers\oleinplaceactiveobject.h">
      <Filter>Header Files\helpers</Filter>
    </ClInclude>
    <ClInclude Include="src\helpers\oleinplaceobject.h">
      <Filter>Header Files\helpers</Filter>
    </ClInclude>
    <ClInclude Include="src\helpers\oleobject.h">
      <Filter>Header Files\helpers</Filter>
    </ClInclude>
    <ClInclude Include="src\helpers\persistpropbag.h">
      <Filter>Header Files\helpers</Filter>
    </ClInclude>
    <ClInclude Include="src\helpers\persiststorage.h">
      <Filter>Header Files\helpers</Filter>
    </ClInclude>
    <ClInclude Include="src\helpers\persiststreaminit.h">
      <Filter>Header Files\helpers</Filter>
    </ClInclude>
    <ClInclude Include="src\helpers\provideclassinfo.h">
      <Filter>Header Files\helpers</Filter>
    </ClInclude>
    <ClInclude Include="src\helpers\supporterrorinfo.h">
      <Filter>Header Files\helpers</Filter>
    </ClInclude>
    <ClInclude Include="src\helpers\viewobject.h">
      <Filter>Header Files\helpers</Filter>
    </ClInclude>
  </ItemGroup>
  <ItemGroup>
    <Midl Include="src\resource\axexample.idl">
      <Filter>Resource Files</Filter>
    </Midl>
  </ItemGroup>
  <ItemGroup>
    <ResourceCompile Include="src\resource\axexample_rc.rc">
      <Filter>Resource Files</Filter>
    </ResourceCompile>
  </ItemGroup>
  <ItemGroup>
    <Image Include="src\resource\inplace.bmp">
      <Filter>Resource Files</Filter>
    </Image>
    <Image Include="src\resource\vlc16x16.bmp">
      <Filter>Resource Files</Filter>
    </Image>
  </ItemGroup>
</Project>